// !$*UTF8*$!
{
	archiveVersion = 1;
	classes = {
	};
	objectVersion = 56;
	objects = {

/* Begin PBXBuildFile section */
		114D8C2928E1E2FA00AAC145 /* AppDelegate.swift in Sources */ = {isa = PBXBuildFile; fileRef = 114D8C2828E1E2FA00AAC145 /* AppDelegate.swift */; };
		114D8C2B28E1E2FA00AAC145 /* SceneDelegate.swift in Sources */ = {isa = PBXBuildFile; fileRef = 114D8C2A28E1E2FA00AAC145 /* SceneDelegate.swift */; };
		114D8C2D28E1E2FA00AAC145 /* ViewController.swift in Sources */ = {isa = PBXBuildFile; fileRef = 114D8C2C28E1E2FA00AAC145 /* ViewController.swift */; };
		114D8C3028E1E2FA00AAC145 /* Main.storyboard in Resources */ = {isa = PBXBuildFile; fileRef = 114D8C2E28E1E2FA00AAC145 /* Main.storyboard */; };
		114D8C3228E1E2FB00AAC145 /* Assets.xcassets in Resources */ = {isa = PBXBuildFile; fileRef = 114D8C3128E1E2FB00AAC145 /* Assets.xcassets */; };
		114D8C3528E1E2FB00AAC145 /* LaunchScreen.storyboard in Resources */ = {isa = PBXBuildFile; fileRef = 114D8C3328E1E2FB00AAC145 /* LaunchScreen.storyboard */; };
		114D8C4028E1E2FB00AAC145 /* CAMO_AppTests.swift in Sources */ = {isa = PBXBuildFile; fileRef = 114D8C3F28E1E2FB00AAC145 /* CAMO_AppTests.swift */; };
		114D8C4A28E1E2FB00AAC145 /* CAMO_AppUITests.swift in Sources */ = {isa = PBXBuildFile; fileRef = 114D8C4928E1E2FB00AAC145 /* CAMO_AppUITests.swift */; };
		114D8C4C28E1E2FB00AAC145 /* CAMO_AppUITestsLaunchTests.swift in Sources */ = {isa = PBXBuildFile; fileRef = 114D8C4B28E1E2FB00AAC145 /* CAMO_AppUITestsLaunchTests.swift */; };
/* End PBXBuildFile section */

/* Begin PBXContainerItemProxy section */
		114D8C3C28E1E2FB00AAC145 /* PBXContainerItemProxy */ = {
			isa = PBXContainerItemProxy;
			containerPortal = 114D8C1D28E1E2FA00AAC145 /* Project object */;
			proxyType = 1;
			remoteGlobalIDString = 114D8C2428E1E2FA00AAC145;
			remoteInfo = CAMO_App;
		};
		114D8C4628E1E2FB00AAC145 /* PBXContainerItemProxy */ = {
			isa = PBXContainerItemProxy;
			containerPortal = 114D8C1D28E1E2FA00AAC145 /* Project object */;
			proxyType = 1;
			remoteGlobalIDString = 114D8C2428E1E2FA00AAC145;
			remoteInfo = CAMO_App;
		};
/* End PBXContainerItemProxy section */

/* Begin PBXFileReference section */
		114D8C2528E1E2FA00AAC145 /* CAMO_App.app */ = {isa = PBXFileReference; explicitFileType = wrapper.application; includeInIndex = 0; path = CAMO_App.app; sourceTree = BUILT_PRODUCTS_DIR; };
		114D8C2828E1E2FA00AAC145 /* AppDelegate.swift */ = {isa = PBXFileReference; lastKnownFileType = sourcecode.swift; path = AppDelegate.swift; sourceTree = "<group>"; };
		114D8C2A28E1E2FA00AAC145 /* SceneDelegate.swift */ = {isa = PBXFileReference; lastKnownFileType = sourcecode.swift; path = SceneDelegate.swift; sourceTree = "<group>"; };
		114D8C2C28E1E2FA00AAC145 /* ViewController.swift */ = {isa = PBXFileReference; lastKnownFileType = sourcecode.swift; path = ViewController.swift; sourceTree = "<group>"; };
		114D8C2F28E1E2FA00AAC145 /* Base */ = {isa = PBXFileReference; lastKnownFileType = file.storyboard; name = Base; path = Base.lproj/Main.storyboard; sourceTree = "<group>"; };
		114D8C3128E1E2FB00AAC145 /* Assets.xcassets */ = {isa = PBXFileReference; lastKnownFileType = folder.assetcatalog; path = Assets.xcassets; sourceTree = "<group>"; };
		114D8C3428E1E2FB00AAC145 /* Base */ = {isa = PBXFileReference; lastKnownFileType = file.storyboard; name = Base; path = Base.lproj/LaunchScreen.storyboard; sourceTree = "<group>"; };
		114D8C3628E1E2FB00AAC145 /* Info.plist */ = {isa = PBXFileReference; lastKnownFileType = text.plist.xml; path = Info.plist; sourceTree = "<group>"; };
		114D8C3B28E1E2FB00AAC145 /* CAMO_AppTests.xctest */ = {isa = PBXFileReference; explicitFileType = wrapper.cfbundle; includeInIndex = 0; path = CAMO_AppTests.xctest; sourceTree = BUILT_PRODUCTS_DIR; };
		114D8C3F28E1E2FB00AAC145 /* CAMO_AppTests.swift */ = {isa = PBXFileReference; lastKnownFileType = sourcecode.swift; path = CAMO_AppTests.swift; sourceTree = "<group>"; };
		114D8C4528E1E2FB00AAC145 /* CAMO_AppUITests.xctest */ = {isa = PBXFileReference; explicitFileType = wrapper.cfbundle; includeInIndex = 0; path = CAMO_AppUITests.xctest; sourceTree = BUILT_PRODUCTS_DIR; };
		114D8C4928E1E2FB00AAC145 /* CAMO_AppUITests.swift */ = {isa = PBXFileReference; lastKnownFileType = sourcecode.swift; path = CAMO_AppUITests.swift; sourceTree = "<group>"; };
		114D8C4B28E1E2FB00AAC145 /* CAMO_AppUITestsLaunchTests.swift */ = {isa = PBXFileReference; lastKnownFileType = sourcecode.swift; path = CAMO_AppUITestsLaunchTests.swift; sourceTree = "<group>"; };
/* End PBXFileReference section */

/* Begin PBXFrameworksBuildPhase section */
		114D8C2228E1E2FA00AAC145 /* Frameworks */ = {
			isa = PBXFrameworksBuildPhase;
			buildActionMask = 2147483647;
			files = (
			);
			runOnlyForDeploymentPostprocessing = 0;
		};
		114D8C3828E1E2FB00AAC145 /* Frameworks */ = {
			isa = PBXFrameworksBuildPhase;
			buildActionMask = 2147483647;
			files = (
			);
			runOnlyForDeploymentPostprocessing = 0;
		};
		114D8C4228E1E2FB00AAC145 /* Frameworks */ = {
			isa = PBXFrameworksBuildPhase;
			buildActionMask = 2147483647;
			files = (
			);
			runOnlyForDeploymentPostprocessing = 0;
		};
/* End PBXFrameworksBuildPhase section */

/* Begin PBXGroup section */
		114D8C1C28E1E2FA00AAC145 = {
			isa = PBXGroup;
			children = (
				114D8C2728E1E2FA00AAC145 /* CAMO_App */,
				114D8C3E28E1E2FB00AAC145 /* CAMO_AppTests */,
				114D8C4828E1E2FB00AAC145 /* CAMO_AppUITests */,
				114D8C2628E1E2FA00AAC145 /* Products */,
			);
			sourceTree = "<group>";
		};
		114D8C2628E1E2FA00AAC145 /* Products */ = {
			isa = PBXGroup;
			children = (
				114D8C2528E1E2FA00AAC145 /* CAMO_App.app */,
				114D8C3B28E1E2FB00AAC145 /* CAMO_AppTests.xctest */,
				114D8C4528E1E2FB00AAC145 /* CAMO_AppUITests.xctest */,
			);
			name = Products;
			sourceTree = "<group>";
		};
		114D8C2728E1E2FA00AAC145 /* CAMO_App */ = {
			isa = PBXGroup;
			children = (
				114D8C2828E1E2FA00AAC145 /* AppDelegate.swift */,
				114D8C2A28E1E2FA00AAC145 /* SceneDelegate.swift */,
				114D8C2C28E1E2FA00AAC145 /* ViewController.swift */,
				114D8C2E28E1E2FA00AAC145 /* Main.storyboard */,
				114D8C3128E1E2FB00AAC145 /* Assets.xcassets */,
				114D8C3328E1E2FB00AAC145 /* LaunchScreen.storyboard */,
				114D8C3628E1E2FB00AAC145 /* Info.plist */,
			);
			path = CAMO_App;
			sourceTree = "<group>";
		};
		114D8C3E28E1E2FB00AAC145 /* CAMO_AppTests */ = {
			isa = PBXGroup;
			children = (
				114D8C3F28E1E2FB00AAC145 /* CAMO_AppTests.swift */,
			);
			path = CAMO_AppTests;
			sourceTree = "<group>";
		};
		114D8C4828E1E2FB00AAC145 /* CAMO_AppUITests */ = {
			isa = PBXGroup;
			children = (
				114D8C4928E1E2FB00AAC145 /* CAMO_AppUITests.swift */,
				114D8C4B28E1E2FB00AAC145 /* CAMO_AppUITestsLaunchTests.swift */,
			);
			path = CAMO_AppUITests;
			sourceTree = "<group>";
		};
/* End PBXGroup section */

/* Begin PBXNativeTarget section */
		114D8C2428E1E2FA00AAC145 /* CAMO_App */ = {
			isa = PBXNativeTarget;
			buildConfigurationList = 114D8C4F28E1E2FB00AAC145 /* Build configuration list for PBXNativeTarget "CAMO_App" */;
			buildPhases = (
				114D8C2128E1E2FA00AAC145 /* Sources */,
				114D8C2228E1E2FA00AAC145 /* Frameworks */,
				114D8C2328E1E2FA00AAC145 /* Resources */,
			);
			buildRules = (
			);
			dependencies = (
			);
			name = CAMO_App;
			productName = CAMO_App;
			productReference = 114D8C2528E1E2FA00AAC145 /* CAMO_App.app */;
			productType = "com.apple.product-type.application";
		};
		114D8C3A28E1E2FB00AAC145 /* CAMO_AppTests */ = {
			isa = PBXNativeTarget;
			buildConfigurationList = 114D8C5228E1E2FB00AAC145 /* Build configuration list for PBXNativeTarget "CAMO_AppTests" */;
			buildPhases = (
				114D8C3728E1E2FB00AAC145 /* Sources */,
				114D8C3828E1E2FB00AAC145 /* Frameworks */,
				114D8C3928E1E2FB00AAC145 /* Resources */,
			);
			buildRules = (
			);
			dependencies = (
				114D8C3D28E1E2FB00AAC145 /* PBXTargetDependency */,
			);
			name = CAMO_AppTests;
			productName = CAMO_AppTests;
			productReference = 114D8C3B28E1E2FB00AAC145 /* CAMO_AppTests.xctest */;
			productType = "com.apple.product-type.bundle.unit-test";
		};
		114D8C4428E1E2FB00AAC145 /* CAMO_AppUITests */ = {
			isa = PBXNativeTarget;
			buildConfigurationList = 114D8C5528E1E2FB00AAC145 /* Build configuration list for PBXNativeTarget "CAMO_AppUITests" */;
			buildPhases = (
				114D8C4128E1E2FB00AAC145 /* Sources */,
				114D8C4228E1E2FB00AAC145 /* Frameworks */,
				114D8C4328E1E2FB00AAC145 /* Resources */,
			);
			buildRules = (
			);
			dependencies = (
				114D8C4728E1E2FB00AAC145 /* PBXTargetDependency */,
			);
			name = CAMO_AppUITests;
			productName = CAMO_AppUITests;
			productReference = 114D8C4528E1E2FB00AAC145 /* CAMO_AppUITests.xctest */;
			productType = "com.apple.product-type.bundle.ui-testing";
		};
/* End PBXNativeTarget section */

/* Begin PBXProject section */
		114D8C1D28E1E2FA00AAC145 /* Project object */ = {
			isa = PBXProject;
			attributes = {
				BuildIndependentTargetsInParallel = 1;
				LastSwiftUpdateCheck = 1400;
				LastUpgradeCheck = 1400;
				TargetAttributes = {
					114D8C2428E1E2FA00AAC145 = {
						CreatedOnToolsVersion = 14.0;
					};
					114D8C3A28E1E2FB00AAC145 = {
						CreatedOnToolsVersion = 14.0;
						TestTargetID = 114D8C2428E1E2FA00AAC145;
					};
					114D8C4428E1E2FB00AAC145 = {
						CreatedOnToolsVersion = 14.0;
						TestTargetID = 114D8C2428E1E2FA00AAC145;
					};
				};
			};
			buildConfigurationList = 114D8C2028E1E2FA00AAC145 /* Build configuration list for PBXProject "CAMO_App" */;
			compatibilityVersion = "Xcode 14.0";
			developmentRegion = en;
			hasScannedForEncodings = 0;
			knownRegions = (
				en,
				Base,
			);
			mainGroup = 114D8C1C28E1E2FA00AAC145;
			productRefGroup = 114D8C2628E1E2FA00AAC145 /* Products */;
			projectDirPath = "";
			projectRoot = "";
			targets = (
				114D8C2428E1E2FA00AAC145 /* CAMO_App */,
				114D8C3A28E1E2FB00AAC145 /* CAMO_AppTests */,
				114D8C4428E1E2FB00AAC145 /* CAMO_AppUITests */,
			);
		};
/* End PBXProject section */

/* Begin PBXResourcesBuildPhase section */
		114D8C2328E1E2FA00AAC145 /* Resources */ = {
			isa = PBXResourcesBuildPhase;
			buildActionMask = 2147483647;
			files = (
				114D8C3528E1E2FB00AAC145 /* LaunchScreen.storyboard in Resources */,
				114D8C3228E1E2FB00AAC145 /* Assets.xcassets in Resources */,
				114D8C3028E1E2FA00AAC145 /* Main.storyboard in Resources */,
			);
			runOnlyForDeploymentPostprocessing = 0;
		};
		114D8C3928E1E2FB00AAC145 /* Resources */ = {
			isa = PBXResourcesBuildPhase;
			buildActionMask = 2147483647;
			files = (
			);
			runOnlyForDeploymentPostprocessing = 0;
		};
		114D8C4328E1E2FB00AAC145 /* Resources */ = {
			isa = PBXResourcesBuildPhase;
			buildActionMask = 2147483647;
			files = (
			);
			runOnlyForDeploymentPostprocessing = 0;
		};
/* End PBXResourcesBuildPhase section */

/* Begin PBXSourcesBuildPhase section */
		114D8C2128E1E2FA00AAC145 /* Sources */ = {
			isa = PBXSourcesBuildPhase;
			buildActionMask = 2147483647;
			files = (
				114D8C2D28E1E2FA00AAC145 /* ViewController.swift in Sources */,
				114D8C2928E1E2FA00AAC145 /* AppDelegate.swift in Sources */,
				114D8C2B28E1E2FA00AAC145 /* SceneDelegate.swift in Sources */,
			);
			runOnlyForDeploymentPostprocessing = 0;
		};
		114D8C3728E1E2FB00AAC145 /* Sources */ = {
			isa = PBXSourcesBuildPhase;
			buildActionMask = 2147483647;
			files = (
				114D8C4028E1E2FB00AAC145 /* CAMO_AppTests.swift in Sources */,
			);
			runOnlyForDeploymentPostprocessing = 0;
		};
		114D8C4128E1E2FB00AAC145 /* Sources */ = {
			isa = PBXSourcesBuildPhase;
			buildActionMask = 2147483647;
			files = (
				114D8C4C28E1E2FB00AAC145 /* CAMO_AppUITestsLaunchTests.swift in Sources */,
				114D8C4A28E1E2FB00AAC145 /* CAMO_AppUITests.swift in Sources */,
			);
			runOnlyForDeploymentPostprocessing = 0;
		};
/* End PBXSourcesBuildPhase section */

/* Begin PBXTargetDependency section */
		114D8C3D28E1E2FB00AAC145 /* PBXTargetDependency */ = {
			isa = PBXTargetDependency;
			target = 114D8C2428E1E2FA00AAC145 /* CAMO_App */;
			targetProxy = 114D8C3C28E1E2FB00AAC145 /* PBXContainerItemProxy */;
		};
		114D8C4728E1E2FB00AAC145 /* PBXTargetDependency */ = {
			isa = PBXTargetDependency;
			target = 114D8C2428E1E2FA00AAC145 /* CAMO_App */;
			targetProxy = 114D8C4628E1E2FB00AAC145 /* PBXContainerItemProxy */;
		};
/* End PBXTargetDependency section */

/* Begin PBXVariantGroup section */
		114D8C2E28E1E2FA00AAC145 /* Main.storyboard */ = {
			isa = PBXVariantGroup;
			children = (
				114D8C2F28E1E2FA00AAC145 /* Base */,
			);
			name = Main.storyboard;
			sourceTree = "<group>";
		};
		114D8C3328E1E2FB00AAC145 /* LaunchScreen.storyboard */ = {
			isa = PBXVariantGroup;
			children = (
				114D8C3428E1E2FB00AAC145 /* Base */,
			);
			name = LaunchScreen.storyboard;
			sourceTree = "<group>";
		};
/* End PBXVariantGroup section */

/* Begin XCBuildConfiguration section */
		114D8C4D28E1E2FB00AAC145 /* Debug */ = {
			isa = XCBuildConfiguration;
			buildSettings = {
				ALWAYS_SEARCH_USER_PATHS = NO;
				CLANG_ANALYZER_NONNULL = YES;
				CLANG_ANALYZER_NUMBER_OBJECT_CONVERSION = YES_AGGRESSIVE;
				CLANG_CXX_LANGUAGE_STANDARD = "gnu++20";
				CLANG_ENABLE_MODULES = YES;
				CLANG_ENABLE_OBJC_ARC = YES;
				CLANG_ENABLE_OBJC_WEAK = YES;
				CLANG_WARN_BLOCK_CAPTURE_AUTORELEASING = YES;
				CLANG_WARN_BOOL_CONVERSION = YES;
				CLANG_WARN_COMMA = YES;
				CLANG_WARN_CONSTANT_CONVERSION = YES;
				CLANG_WARN_DEPRECATED_OBJC_IMPLEMENTATIONS = YES;
				CLANG_WARN_DIRECT_OBJC_ISA_USAGE = YES_ERROR;
				CLANG_WARN_DOCUMENTATION_COMMENTS = YES;
				CLANG_WARN_EMPTY_BODY = YES;
				CLANG_WARN_ENUM_CONVERSION = YES;
				CLANG_WARN_INFINITE_RECURSION = YES;
				CLANG_WARN_INT_CONVERSION = YES;
				CLANG_WARN_NON_LITERAL_NULL_CONVERSION = YES;
				CLANG_WARN_OBJC_IMPLICIT_RETAIN_SELF = YES;
				CLANG_WARN_OBJC_LITERAL_CONVERSION = YES;
				CLANG_WARN_OBJC_ROOT_CLASS = YES_ERROR;
				CLANG_WARN_QUOTED_INCLUDE_IN_FRAMEWORK_HEADER = YES;
				CLANG_WARN_RANGE_LOOP_ANALYSIS = YES;
				CLANG_WARN_STRICT_PROTOTYPES = YES;
				CLANG_WARN_SUSPICIOUS_MOVE = YES;
				CLANG_WARN_UNGUARDED_AVAILABILITY = YES_AGGRESSIVE;
				CLANG_WARN_UNREACHABLE_CODE = YES;
				CLANG_WARN__DUPLICATE_METHOD_MATCH = YES;
				COPY_PHASE_STRIP = NO;
				DEBUG_INFORMATION_FORMAT = dwarf;
				ENABLE_STRICT_OBJC_MSGSEND = YES;
				ENABLE_TESTABILITY = YES;
				GCC_C_LANGUAGE_STANDARD = gnu11;
				GCC_DYNAMIC_NO_PIC = NO;
				GCC_NO_COMMON_BLOCKS = YES;
				GCC_OPTIMIZATION_LEVEL = 0;
				GCC_PREPROCESSOR_DEFINITIONS = (
					"DEBUG=1",
					"$(inherited)",
				);
				GCC_WARN_64_TO_32_BIT_CONVERSION = YES;
				GCC_WARN_ABOUT_RETURN_TYPE = YES_ERROR;
				GCC_WARN_UNDECLARED_SELECTOR = YES;
				GCC_WARN_UNINITIALIZED_AUTOS = YES_AGGRESSIVE;
				GCC_WARN_UNUSED_FUNCTION = YES;
				GCC_WARN_UNUSED_VARIABLE = YES;
				IPHONEOS_DEPLOYMENT_TARGET = 16.0;
				MTL_ENABLE_DEBUG_INFO = INCLUDE_SOURCE;
				MTL_FAST_MATH = YES;
				ONLY_ACTIVE_ARCH = YES;
				SDKROOT = iphoneos;
				SWIFT_ACTIVE_COMPILATION_CONDITIONS = DEBUG;
				SWIFT_OPTIMIZATION_LEVEL = "-Onone";
			};
			name = Debug;
		};
		114D8C4E28E1E2FB00AAC145 /* Release */ = {
			isa = XCBuildConfiguration;
			buildSettings = {
				ALWAYS_SEARCH_USER_PATHS = NO;
				CLANG_ANALYZER_NONNULL = YES;
				CLANG_ANALYZER_NUMBER_OBJECT_CONVERSION = YES_AGGRESSIVE;
				CLANG_CXX_LANGUAGE_STANDARD = "gnu++20";
				CLANG_ENABLE_MODULES = YES;
				CLANG_ENABLE_OBJC_ARC = YES;
				CLANG_ENABLE_OBJC_WEAK = YES;
				CLANG_WARN_BLOCK_CAPTURE_AUTORELEASING = YES;
				CLANG_WARN_BOOL_CONVERSION = YES;
				CLANG_WARN_COMMA = YES;
				CLANG_WARN_CONSTANT_CONVERSION = YES;
				CLANG_WARN_DEPRECATED_OBJC_IMPLEMENTATIONS = YES;
				CLANG_WARN_DIRECT_OBJC_ISA_USAGE = YES_ERROR;
				CLANG_WARN_DOCUMENTATION_COMMENTS = YES;
				CLANG_WARN_EMPTY_BODY = YES;
				CLANG_WARN_ENUM_CONVERSION = YES;
				CLANG_WARN_INFINITE_RECURSION = YES;
				CLANG_WARN_INT_CONVERSION = YES;
				CLANG_WARN_NON_LITERAL_NULL_CONVERSION = YES;
				CLANG_WARN_OBJC_IMPLICIT_RETAIN_SELF = YES;
				CLANG_WARN_OBJC_LITERAL_CONVERSION = YES;
				CLANG_WARN_OBJC_ROOT_CLASS = YES_ERROR;
				CLANG_WARN_QUOTED_INCLUDE_IN_FRAMEWORK_HEADER = YES;
				CLANG_WARN_RANGE_LOOP_ANALYSIS = YES;
				CLANG_WARN_STRICT_PROTOTYPES = YES;
				CLANG_WARN_SUSPICIOUS_MOVE = YES;
				CLANG_WARN_UNGUARDED_AVAILABILITY = YES_AGGRESSIVE;
				CLANG_WARN_UNREACHABLE_CODE = YES;
				CLANG_WARN__DUPLICATE_METHOD_MATCH = YES;
				COPY_PHASE_STRIP = NO;
				DEBUG_INFORMATION_FORMAT = "dwarf-with-dsym";
				ENABLE_NS_ASSERTIONS = NO;
				ENABLE_STRICT_OBJC_MSGSEND = YES;
				GCC_C_LANGUAGE_STANDARD = gnu11;
				GCC_NO_COMMON_BLOCKS = YES;
				GCC_WARN_64_TO_32_BIT_CONVERSION = YES;
				GCC_WARN_ABOUT_RETURN_TYPE = YES_ERROR;
				GCC_WARN_UNDECLARED_SELECTOR = YES;
				GCC_WARN_UNINITIALIZED_AUTOS = YES_AGGRESSIVE;
				GCC_WARN_UNUSED_FUNCTION = YES;
				GCC_WARN_UNUSED_VARIABLE = YES;
				IPHONEOS_DEPLOYMENT_TARGET = 16.0;
				MTL_ENABLE_DEBUG_INFO = NO;
				MTL_FAST_MATH = YES;
				SDKROOT = iphoneos;
				SWIFT_COMPILATION_MODE = wholemodule;
				SWIFT_OPTIMIZATION_LEVEL = "-O";
				VALIDATE_PRODUCT = YES;
			};
			name = Release;
		};
		114D8C5028E1E2FB00AAC145 /* Debug */ = {
			isa = XCBuildConfiguration;
			buildSettings = {
				ASSETCATALOG_COMPILER_APPICON_NAME = AppIcon;
				ASSETCATALOG_COMPILER_GLOBAL_ACCENT_COLOR_NAME = AccentColor;
				CODE_SIGN_STYLE = Automatic;
				CURRENT_PROJECT_VERSION = 1;
				DEVELOPMENT_TEAM = GUTFR2WXPJ;
				GENERATE_INFOPLIST_FILE = YES;
				INFOPLIST_FILE = CAMO_App/Info.plist;
				INFOPLIST_KEY_LSApplicationCategoryType = "public.app-category.lifestyle";
				INFOPLIST_KEY_UIApplicationSupportsIndirectInputEvents = YES;
				INFOPLIST_KEY_UILaunchStoryboardName = LaunchScreen;
				INFOPLIST_KEY_UIMainStoryboardFile = Main;
				INFOPLIST_KEY_UISupportedInterfaceOrientations_iPad = "UIInterfaceOrientationPortrait UIInterfaceOrientationPortraitUpsideDown UIInterfaceOrientationLandscapeLeft UIInterfaceOrientationLandscapeRight";
				INFOPLIST_KEY_UISupportedInterfaceOrientations_iPhone = "UIInterfaceOrientationPortrait UIInterfaceOrientationLandscapeLeft UIInterfaceOrientationLandscapeRight";
				LD_RUNPATH_SEARCH_PATHS = (
					"$(inherited)",
					"@executable_path/Frameworks",
				);
				MARKETING_VERSION = 1.0;
				PRODUCT_BUNDLE_IDENTIFIER = "Project.CAMO-App";
				PRODUCT_NAME = "$(TARGET_NAME)";
				SWIFT_EMIT_LOC_STRINGS = YES;
				SWIFT_VERSION = 5.0;
				TARGETED_DEVICE_FAMILY = "1,2";
			};
			name = Debug;
		};
		114D8C5128E1E2FB00AAC145 /* Release */ = {
			isa = XCBuildConfiguration;
			buildSettings = {
				ASSETCATALOG_COMPILER_APPICON_NAME = AppIcon;
				ASSETCATALOG_COMPILER_GLOBAL_ACCENT_COLOR_NAME = AccentColor;
				CODE_SIGN_STYLE = Automatic;
				CURRENT_PROJECT_VERSION = 1;
				DEVELOPMENT_TEAM = GUTFR2WXPJ;
				GENERATE_INFOPLIST_FILE = YES;
				INFOPLIST_FILE = CAMO_App/Info.plist;
				INFOPLIST_KEY_LSApplicationCategoryType = "public.app-category.lifestyle";
				INFOPLIST_KEY_UIApplicationSupportsIndirectInputEvents = YES;
				INFOPLIST_KEY_UILaunchStoryboardName = LaunchScreen;
				INFOPLIST_KEY_UIMainStoryboardFile = Main;
				INFOPLIST_KEY_UISupportedInterfaceOrientations_iPad = "UIInterfaceOrientationPortrait UIInterfaceOrientationPortraitUpsideDown UIInterfaceOrientationLandscapeLeft UIInterfaceOrientationLandscapeRight";
				INFOPLIST_KEY_UISupportedInterfaceOrientations_iPhone = "UIInterfaceOrientationPortrait UIInterfaceOrientationLandscapeLeft UIInterfaceOrientationLandscapeRight";
				LD_RUNPATH_SEARCH_PATHS = (
					"$(inherited)",
					"@executable_path/Frameworks",
				);
				MARKETING_VERSION = 1.0;
				PRODUCT_BUNDLE_IDENTIFIER = "Project.CAMO-App";
				PRODUCT_NAME = "$(TARGET_NAME)";
				SWIFT_EMIT_LOC_STRINGS = YES;
				SWIFT_VERSION = 5.0;
				TARGETED_DEVICE_FAMILY = "1,2";
			};
			name = Release;
		};
		114D8C5328E1E2FB00AAC145 /* Debug */ = {
			isa = XCBuildConfiguration;
			buildSettings = {
				ALWAYS_EMBED_SWIFT_STANDARD_LIBRARIES = YES;
				BUNDLE_LOADER = "$(TEST_HOST)";
				CODE_SIGN_STYLE = Automatic;
				CURRENT_PROJECT_VERSION = 1;
				GENERATE_INFOPLIST_FILE = YES;
				IPHONEOS_DEPLOYMENT_TARGET = 16.0;
				MARKETING_VERSION = 1.0;
				PRODUCT_BUNDLE_IDENTIFIER = "Project.CAMO-AppTests";
				PRODUCT_NAME = "$(TARGET_NAME)";
				SWIFT_EMIT_LOC_STRINGS = NO;
				SWIFT_VERSION = 5.0;
				TARGETED_DEVICE_FAMILY = "1,2";
				TEST_HOST = "$(BUILT_PRODUCTS_DIR)/CAMO_App.app/$(BUNDLE_EXECUTABLE_FOLDER_PATH)/CAMO_App";
			};
			name = Debug;
		};
		114D8C5428E1E2FB00AAC145 /* Release */ = {
			isa = XCBuildConfiguration;
			buildSettings = {
				ALWAYS_EMBED_SWIFT_STANDARD_LIBRARIES = YES;
				BUNDLE_LOADER = "$(TEST_HOST)";
				CODE_SIGN_STYLE = Automatic;
				CURRENT_PROJECT_VERSION = 1;
				GENERATE_INFOPLIST_FILE = YES;
				IPHONEOS_DEPLOYMENT_TARGET = 16.0;
				MARKETING_VERSION = 1.0;
				PRODUCT_BUNDLE_IDENTIFIER = "Project.CAMO-AppTests";
				PRODUCT_NAME = "$(TARGET_NAME)";
				SWIFT_EMIT_LOC_STRINGS = NO;
				SWIFT_VERSION = 5.0;
				TARGETED_DEVICE_FAMILY = "1,2";
				TEST_HOST = "$(BUILT_PRODUCTS_DIR)/CAMO_App.app/$(BUNDLE_EXECUTABLE_FOLDER_PATH)/CAMO_App";
			};
			name = Release;
		};
		114D8C5628E1E2FB00AAC145 /* Debug */ = {
			isa = XCBuildConfiguration;
			buildSettings = {
				ALWAYS_EMBED_SWIFT_STANDARD_LIBRARIES = YES;
				CODE_SIGN_STYLE = Automatic;
				CURRENT_PROJECT_VERSION = 1;
				GENERATE_INFOPLIST_FILE = YES;
				MARKETING_VERSION = 1.0;
				PRODUCT_BUNDLE_IDENTIFIER = "Project.CAMO-AppUITests";
				PRODUCT_NAME = "$(TARGET_NAME)";
				SWIFT_EMIT_LOC_STRINGS = NO;
				SWIFT_VERSION = 5.0;
				TARGETED_DEVICE_FAMILY = "1,2";
				TEST_TARGET_NAME = CAMO_App;
			};
			name = Debug;
		};
		114D8C5728E1E2FB00AAC145 /* Release */ = {
			isa = XCBuildConfiguration;
			buildSettings = {
				ALWAYS_EMBED_SWIFT_STANDARD_LIBRARIES = YES;
				CODE_SIGN_STYLE = Automatic;
				CURRENT_PROJECT_VERSION = 1;
				GENERATE_INFOPLIST_FILE = YES;
				MARKETING_VERSION = 1.0;
				PRODUCT_BUNDLE_IDENTIFIER = "Project.CAMO-AppUITests";
				PRODUCT_NAME = "$(TARGET_NAME)";
				SWIFT_EMIT_LOC_STRINGS = NO;
				SWIFT_VERSION = 5.0;
				TARGETED_DEVICE_FAMILY = "1,2";
				TEST_TARGET_NAME = CAMO_App;
			};
			name = Release;
		};
/* End XCBuildConfiguration section */

/* Begin XCConfigurationList section */
		114D8C2028E1E2FA00AAC145 /* Build configuration list for PBXProject "CAMO_App" */ = {
			isa = XCConfigurationList;
			buildConfigurations = (
				114D8C4D28E1E2FB00AAC145 /* Debug */,
				114D8C4E28E1E2FB00AAC145 /* Release */,
			);
			defaultConfigurationIsVisible = 0;
			defaultConfigurationName = Release;
		};
		114D8C4F28E1E2FB00AAC145 /* Build configuration list for PBXNativeTarget "CAMO_App" */ = {
			isa = XCConfigurationList;
			buildConfigurations = (
				114D8C5028E1E2FB00AAC145 /* Debug */,
				114D8C5128E1E2FB00AAC145 /* Release */,
			);
			defaultConfigurationIsVisible = 0;
			defaultConfigurationName = Release;
		};
		114D8C5228E1E2FB00AAC145 /* Build configuration list for PBXNativeTarget "CAMO_AppTests" */ = {
			isa = XCConfigurationList;
			buildConfigurations = (
				114D8C5328E1E2FB00AAC145 /* Debug */,
				114D8C5428E1E2FB00AAC145 /* Release */,
			);
			defaultConfigurationIsVisible = 0;
			defaultConfigurationName = Release;
		};
		114D8C5528E1E2FB00AAC145 /* Build configuration list for PBXNativeTarget "CAMO_AppUITests" */ = {
			isa = XCConfigurationList;
			buildConfigurations = (
				114D8C5628E1E2FB00AAC145 /* Debug */,
				114D8C5728E1E2FB00AAC145 /* Release */,
			);
			defaultConfigurationIsVisible = 0;
			defaultConfigurationName = Release;
		};
/* End XCConfigurationList section */
	};
	rootObject = 114D8C1D28E1E2FA00AAC145 /* Project object */;
}
